
Microsoft Visual Studio Solution File, Format Version 12.00
# Visual Studio Version 17
VisualStudioVersion = 17.6.33723.286
MinimumVisualStudioVersion = 10.0.40219.1
Project("{9A19103F-16F7-4668-BE54-9A1E7A4F7556}") = "01. train", "Exercsie Arrays\01. train.csproj", "{1C0733F5-E41B-4651-8F7B-080204B5F189}"
EndProject
Project("{9A19103F-16F7-4668-BE54-9A1E7A4F7556}") = "02. common elements", "02. common elements\02. common elements.csproj", "{E60D595D-F1A1-46FF-BBE2-3C765C5B06E4}"
EndProject
Project("{9A19103F-16F7-4668-BE54-9A1E7A4F7556}") = "03. zigzag patterns", "03. zigzag patterns\03. zigzag patterns.csproj", "{B9DEFAAD-1AD2-447F-9913-FD67C8EBAEFC}"
EndProject
Project("{9A19103F-16F7-4668-BE54-9A1E7A4F7556}") = "04. Rotate Integers", "04. Rotate Integers\04. Rotate Integers.csproj", "{1B74C429-468A-4B8E-95D1-9B3B6C0B6AC2}"
EndProject
Project("{FAE04EC0-301F-11D3-BF4B-00C04F79EFBC}") = "05.", "05\05..csproj", "{0DE9AAD3-9B02-4A84-A780-95AB7B1733B6}"
EndProject
Global
	GlobalSection(SolutionConfigurationPlatforms) = preSolution
		Debug|Any CPU = Debug|Any CPU
		Release|Any CPU = Release|Any CPU
	EndGlobalSection
	GlobalSection(ProjectConfigurationPlatforms) = postSolution
		{1C0733F5-E41B-4651-8F7B-080204B5F189}.Debug|Any CPU.ActiveCfg = Debug|Any CPU
		{1C0733F5-E41B-4651-8F7B-080204B5F189}.Debug|Any CPU.Build.0 = Debug|Any CPU
		{1C0733F5-E41B-4651-8F7B-080204B5F189}.Release|Any CPU.ActiveCfg = Release|Any CPU
		{1C0733F5-E41B-4651-8F7B-080204B5F189}.Release|Any CPU.Build.0 = Release|Any CPU
		{E60D595D-F1A1-46FF-BBE2-3C765C5B06E4}.Debug|Any CPU.ActiveCfg = Debug|Any CPU
		{E60D595D-F1A1-46FF-BBE2-3C765C5B06E4}.Debug|Any CPU.Build.0 = Debug|Any CPU
		{E60D595D-F1A1-46FF-BBE2-3C765C5B06E4}.Release|Any CPU.ActiveCfg = Release|Any CPU
		{E60D595D-F1A1-46FF-BBE2-3C765C5B06E4}.Release|Any CPU.Build.0 = Release|Any CPU
		{B9DEFAAD-1AD2-447F-9913-FD67C8EBAEFC}.Debug|Any CPU.ActiveCfg = Debug|Any CPU
		{B9DEFAAD-1AD2-447F-9913-FD67C8EBAEFC}.Debug|Any CPU.Build.0 = Debug|Any CPU
		{B9DEFAAD-1AD2-447F-9913-FD67C8EBAEFC}.Release|Any CPU.ActiveCfg = Release|Any CPU
		{B9DEFAAD-1AD2-447F-9913-FD67C8EBAEFC}.Release|Any CPU.Build.0 = Release|Any CPU
		{1B74C429-468A-4B8E-95D1-9B3B6C0B6AC2}.Debug|Any CPU.ActiveCfg = Debug|Any CPU
		{1B74C429-468A-4B8E-95D1-9B3B6C0B6AC2}.Debug|Any CPU.Build.0 = Debug|Any CPU
		{1B74C429-468A-4B8E-95D1-9B3B6C0B6AC2}.Release|Any CPU.ActiveCfg = Release|Any CPU
		{1B74C429-468A-4B8E-95D1-9B3B6C0B6AC2}.Release|Any CPU.Build.0 = Release|Any CPU
		{0DE9AAD3-9B02-4A84-A780-95AB7B1733B6}.Debug|Any CPU.ActiveCfg = Debug|Any CPU
		{0DE9AAD3-9B02-4A84-A780-95AB7B1733B6}.Debug|Any CPU.Build.0 = Debug|Any CPU
		{0DE9AAD3-9B02-4A84-A780-95AB7B1733B6}.Release|Any CPU.ActiveCfg = Release|Any CPU
		{0DE9AAD3-9B02-4A84-A780-95AB7B1733B6}.Release|Any CPU.Build.0 = Release|Any CPU
	EndGlobalSection
	GlobalSection(SolutionProperties) = preSolution
		HideSolutionNode = FALSE
	EndGlobalSection
	GlobalSection(ExtensibilityGlobals) = postSolution
		SolutionGuid = {A6BFC83C-4BF2-4D1D-B30D-9CE6F2029D41}
	EndGlobalSection
EndGlobal
